
Microsoft Visual Studio Solution File, Format Version 12.00
# Visual Studio Version 17
VisualStudioVersion = 17.0.32112.339
MinimumVisualStudioVersion = 10.0.40219.1
Project("{9A19103F-16F7-4668-BE54-9A1E7A4F7556}") = "01. Sort Numbers", "01. Sort Numbers\01. Sort Numbers.csproj", "{DF79A3B6-625C-434A-82C3-2CC11433954D}"
EndProject
Project("{9A19103F-16F7-4668-BE54-9A1E7A4F7556}") = "02. Name of the Last Digit", "02. Name of the Last Digit\02. Name of the Last Digit.csproj", "{E14797B6-F96C-4239-B0AD-E5627FBC8B22}"
EndProject
Project("{9A19103F-16F7-4668-BE54-9A1E7A4F7556}") = "03. Gaming Store", "03. Gaming Store\03. Gaming Store.csproj", "{CBC86CEA-CDA4-4ADC-B156-47790CC2416E}"
EndProject
Project("{FAE04EC0-301F-11D3-BF4B-00C04F79EFBC}") = "04. Reverse String", "04. Reverse String\04. Reverse String.csproj", "{9E124F86-78C6-417C-85F8-7AB8BEF3B0D6}"
EndProject
Project("{FAE04EC0-301F-11D3-BF4B-00C04F79EFBC}") = "05. Messages", "05. Messages\05. Messages.csproj", "{348D8807-C00C-47CF-A594-AB8B728368DE}"
EndProject
Global
	GlobalSection(SolutionConfigurationPlatforms) = preSolution
		Debug|Any CPU = Debug|Any CPU
		Release|Any CPU = Release|Any CPU
	EndGlobalSection
	GlobalSection(ProjectConfigurationPlatforms) = postSolution
		{DF79A3B6-625C-434A-82C3-2CC11433954D}.Debug|Any CPU.ActiveCfg = Debug|Any CPU
		{DF79A3B6-625C-434A-82C3-2CC11433954D}.Debug|Any CPU.Build.0 = Debug|Any CPU
		{DF79A3B6-625C-434A-82C3-2CC11433954D}.Release|Any CPU.ActiveCfg = Release|Any CPU
		{DF79A3B6-625C-434A-82C3-2CC11433954D}.Release|Any CPU.Build.0 = Release|Any CPU
		{E14797B6-F96C-4239-B0AD-E5627FBC8B22}.Debug|Any CPU.ActiveCfg = Debug|Any CPU
		{E14797B6-F96C-4239-B0AD-E5627FBC8B22}.Debug|Any CPU.Build.0 = Debug|Any CPU
		{E14797B6-F96C-4239-B0AD-E5627FBC8B22}.Release|Any CPU.ActiveCfg = Release|Any CPU
		{E14797B6-F96C-4239-B0AD-E5627FBC8B22}.Release|Any CPU.Build.0 = Release|Any CPU
		{CBC86CEA-CDA4-4ADC-B156-47790CC2416E}.Debug|Any CPU.ActiveCfg = Debug|Any CPU
		{CBC86CEA-CDA4-4ADC-B156-47790CC2416E}.Debug|Any CPU.Build.0 = Debug|Any CPU
		{CBC86CEA-CDA4-4ADC-B156-47790CC2416E}.Release|Any CPU.ActiveCfg = Release|Any CPU
		{CBC86CEA-CDA4-4ADC-B156-47790CC2416E}.Release|Any CPU.Build.0 = Release|Any CPU
		{9E124F86-78C6-417C-85F8-7AB8BEF3B0D6}.Debug|Any CPU.ActiveCfg = Debug|Any CPU
		{9E124F86-78C6-417C-85F8-7AB8BEF3B0D6}.Debug|Any CPU.Build.0 = Debug|Any CPU
		{9E124F86-78C6-417C-85F8-7AB8BEF3B0D6}.Release|Any CPU.ActiveCfg = Release|Any CPU
		{9E124F86-78C6-417C-85F8-7AB8BEF3B0D6}.Release|Any CPU.Build.0 = Release|Any CPU
		{348D8807-C00C-47CF-A594-AB8B728368DE}.Debug|Any CPU.ActiveCfg = Debug|Any CPU
		{348D8807-C00C-47CF-A594-AB8B728368DE}.Debug|Any CPU.Build.0 = Debug|Any CPU
		{348D8807-C00C-47CF-A594-AB8B728368DE}.Release|Any CPU.ActiveCfg = Release|Any CPU
		{348D8807-C00C-47CF-A594-AB8B728368DE}.Release|Any CPU.Build.0 = Release|Any CPU
	EndGlobalSection
	GlobalSection(SolutionProperties) = preSolution
		HideSolutionNode = FALSE
	EndGlobalSection
	GlobalSection(ExtensibilityGlobals) = postSolution
		SolutionGuid = {D1D4B029-F91E-4385-980E-41CDDE2C82D9}
	EndGlobalSection
EndGlobal
